github.com/AWtnb/go-everything v1.0.0 h1:ZT/wFM/9T73R04yRNwkuMq/aKdXEn1fTof/9xDfqz8I=
github.com/AWtnb/go-everything v1.0.0/go.mod h1:zdhpGYcj7ixaLMFIUbW254KyNHyXLQ7e8r8UHMVL6xQ=
github.com/AWtnb/go-walk v1.0.2 h1:zN1Zg3CsqbOa53QflghsxW1og3GLv226vytyxqk4YqE=
github.com/AWtnb/go-walk v1.0.2/go.mod h1:tNLZ31VTEI2H0XyseYePG9MbApQU9YcrU08blhep0uk=
